
Microsoft Visual Studio Solution File, Format Version 12.00
# Visual Studio Version 17
VisualStudioVersion = 17.3.32819.101
MinimumVisualStudioVersion = 10.0.40219.1
Project("{2150E333-8FDC-42A3-9474-1A3956D46DE8}") = "FrontEnd", "FrontEnd", "{EEE72B35-D6FF-4DD0-B4D1-29667516AD79}"
EndProject
Project("{2150E333-8FDC-42A3-9474-1A3956D46DE8}") = "Services", "Services", "{6EC84B69-F547-4BC7-9C41-F4922ACC2B57}"
EndProject
Project("{9A19103F-16F7-4668-BE54-9A1E7A4F7556}") = "Marketplace.Web", "Marketplace.Web\Marketplace.Web.csproj", "{4FCD1979-0CC7-49CC-8507-B93D63C06723}"
EndProject
Project("{FAE04EC0-301F-11D3-BF4B-00C04F79EFBC}") = "Marketplace.Services.ProductAPI", "Marketplace.Services.ProductAPI\Marketplace.Services.ProductAPI.csproj", "{76113399-7029-4CE1-9C74-015CFBF19F24}"
EndProject
Global
	GlobalSection(SolutionConfigurationPlatforms) = preSolution
		Debug|Any CPU = Debug|Any CPU
		Release|Any CPU = Release|Any CPU
	EndGlobalSection
	GlobalSection(ProjectConfigurationPlatforms) = postSolution
		{4FCD1979-0CC7-49CC-8507-B93D63C06723}.Debug|Any CPU.ActiveCfg = Debug|Any CPU
		{4FCD1979-0CC7-49CC-8507-B93D63C06723}.Debug|Any CPU.Build.0 = Debug|Any CPU
		{4FCD1979-0CC7-49CC-8507-B93D63C06723}.Release|Any CPU.ActiveCfg = Release|Any CPU
		{4FCD1979-0CC7-49CC-8507-B93D63C06723}.Release|Any CPU.Build.0 = Release|Any CPU
		{76113399-7029-4CE1-9C74-015CFBF19F24}.Debug|Any CPU.ActiveCfg = Debug|Any CPU
		{76113399-7029-4CE1-9C74-015CFBF19F24}.Debug|Any CPU.Build.0 = Debug|Any CPU
		{76113399-7029-4CE1-9C74-015CFBF19F24}.Release|Any CPU.ActiveCfg = Release|Any CPU
		{76113399-7029-4CE1-9C74-015CFBF19F24}.Release|Any CPU.Build.0 = Release|Any CPU
	EndGlobalSection
	GlobalSection(SolutionProperties) = preSolution
		HideSolutionNode = FALSE
	EndGlobalSection
	GlobalSection(NestedProjects) = preSolution
		{4FCD1979-0CC7-49CC-8507-B93D63C06723} = {EEE72B35-D6FF-4DD0-B4D1-29667516AD79}
		{76113399-7029-4CE1-9C74-015CFBF19F24} = {6EC84B69-F547-4BC7-9C41-F4922ACC2B57}
	EndGlobalSection
	GlobalSection(ExtensibilityGlobals) = postSolution
		SolutionGuid = {21EBE13F-B815-4E0E-ABDD-B654624B3546}
	EndGlobalSection
EndGlobal
